
Microsoft Visual Studio Solution File, Format Version 12.00
# Visual Studio Version 17
VisualStudioVersion = 17.1.32319.34
MinimumVisualStudioVersion = 10.0.40219.1
Project("{FAE04EC0-301F-11D3-BF4B-00C04F79EFBC}") = "WindowsFormsAppDWM", "WindowsFormsAppDWM\WindowsFormsAppDWM.csproj", "{0F2475A6-CAB0-4E45-8115-0C8FA4A132C7}"
EndProject
Global
	GlobalSection(SolutionConfigurationPlatforms) = preSolution
		Debug|Any CPU = Debug|Any CPU
		Release|Any CPU = Release|Any CPU
	EndGlobalSection
	GlobalSection(ProjectConfigurationPlatforms) = postSolution
		{0F2475A6-CAB0-4E45-8115-0C8FA4A132C7}.Debug|Any CPU.ActiveCfg = Debug|Any CPU
		{0F2475A6-CAB0-4E45-8115-0C8FA4A132C7}.Debug|Any CPU.Build.0 = Debug|Any CPU
		{0F2475A6-CAB0-4E45-8115-0C8FA4A132C7}.Release|Any CPU.ActiveCfg = Release|Any CPU
		{0F2475A6-CAB0-4E45-8115-0C8FA4A132C7}.Release|Any CPU.Build.0 = Release|Any CPU
	EndGlobalSection
	GlobalSection(SolutionProperties) = preSolution
		HideSolutionNode = FALSE
	EndGlobalSection
	GlobalSection(ExtensibilityGlobals) = postSolution
		SolutionGuid = {8B0C653C-DB47-4BA3-A77B-32A0EC48E9D7}
	EndGlobalSection
EndGlobal
